
Microsoft Visual Studio Solution File, Format Version 12.00
# Visual Studio Version 16
VisualStudioVersion = 16.0.30114.105
MinimumVisualStudioVersion = 10.0.40219.1
Project("{2150E333-8FDC-42A3-9474-1A3956D46DE8}") = "src", "src", "{DCE12A9E-28FE-4103-AF41-334BDF12EF7F}"
EndProject
Project("{FAE04EC0-301F-11D3-BF4B-00C04F79EFBC}") = "AspNetCore.Authentication.Token", "src\AspNetCore.Authentication.Token\AspNetCore.Authentication.Token.csproj", "{3FE7FDFE-ECD3-4160-AE57-9964DA20AA12}"
EndProject
Project("{2150E333-8FDC-42A3-9474-1A3956D46DE8}") = "test", "test", "{1A8B195C-2444-4C15-95CF-CDC9C43E82E2}"
EndProject
Project("{FAE04EC0-301F-11D3-BF4B-00C04F79EFBC}") = "WebTest", "test\WebTest\WebTest.csproj", "{C0BBB875-8023-4093-B23B-3C86C6E2AA1A}"
EndProject
Project("{2150E333-8FDC-42A3-9474-1A3956D46DE8}") = "Solution Items", "Solution Items", "{05087E47-A91D-4B7E-A0FF-8BEB4464B197}"
	ProjectSection(SolutionItems) = preProject
		README.md = README.md
	EndProjectSection
EndProject
Global
	GlobalSection(SolutionConfigurationPlatforms) = preSolution
		Debug|Any CPU = Debug|Any CPU
		Release|Any CPU = Release|Any CPU
	EndGlobalSection
	GlobalSection(SolutionProperties) = preSolution
		HideSolutionNode = FALSE
	EndGlobalSection
	GlobalSection(ProjectConfigurationPlatforms) = postSolution
		{3FE7FDFE-ECD3-4160-AE57-9964DA20AA12}.Debug|Any CPU.ActiveCfg = Debug|Any CPU
		{3FE7FDFE-ECD3-4160-AE57-9964DA20AA12}.Debug|Any CPU.Build.0 = Debug|Any CPU
		{3FE7FDFE-ECD3-4160-AE57-9964DA20AA12}.Release|Any CPU.ActiveCfg = Release|Any CPU
		{3FE7FDFE-ECD3-4160-AE57-9964DA20AA12}.Release|Any CPU.Build.0 = Release|Any CPU
		{C0BBB875-8023-4093-B23B-3C86C6E2AA1A}.Debug|Any CPU.ActiveCfg = Debug|Any CPU
		{C0BBB875-8023-4093-B23B-3C86C6E2AA1A}.Debug|Any CPU.Build.0 = Debug|Any CPU
		{C0BBB875-8023-4093-B23B-3C86C6E2AA1A}.Release|Any CPU.ActiveCfg = Release|Any CPU
		{C0BBB875-8023-4093-B23B-3C86C6E2AA1A}.Release|Any CPU.Build.0 = Release|Any CPU
	EndGlobalSection
	GlobalSection(NestedProjects) = preSolution
		{3FE7FDFE-ECD3-4160-AE57-9964DA20AA12} = {DCE12A9E-28FE-4103-AF41-334BDF12EF7F}
		{C0BBB875-8023-4093-B23B-3C86C6E2AA1A} = {1A8B195C-2444-4C15-95CF-CDC9C43E82E2}
	EndGlobalSection
EndGlobal
